
Microsoft Visual Studio Solution File, Format Version 11.00
# Visual Studio 2010
Project("{FAE04EC0-301F-11D3-BF4B-00C04F79EFBC}") = "Assembly-CSharp", "Assembly-CSharp.csproj", "{c9a5daf7-78d7-4356-43b9-7b0dc72ad7e0}"
EndProject
Project("{FAE04EC0-301F-11D3-BF4B-00C04F79EFBC}") = "Assembly-CSharp-Editor", "Assembly-CSharp-Editor.csproj", "{cb2adea3-04db-2bb5-3ea2-a1588ed70f9f}"
EndProject
Global
	GlobalSection(SolutionConfigurationPlatforms) = preSolution
		Debug|Any CPU = Debug|Any CPU
	EndGlobalSection
	GlobalSection(ProjectConfigurationPlatforms) = postSolution
		{c9a5daf7-78d7-4356-43b9-7b0dc72ad7e0}.Debug|Any CPU.ActiveCfg = Debug|Any CPU
		{c9a5daf7-78d7-4356-43b9-7b0dc72ad7e0}.Debug|Any CPU.Build.0 = Debug|Any CPU
		{cb2adea3-04db-2bb5-3ea2-a1588ed70f9f}.Debug|Any CPU.ActiveCfg = Debug|Any CPU
		{cb2adea3-04db-2bb5-3ea2-a1588ed70f9f}.Debug|Any CPU.Build.0 = Debug|Any CPU
	EndGlobalSection
	GlobalSection(SolutionProperties) = preSolution
		HideSolutionNode = FALSE
	EndGlobalSection
EndGlobal
